
Microsoft Visual Studio Solution File, Format Version 12.00
# Visual Studio Version 16
VisualStudioVersion = 16.0.34301.259
MinimumVisualStudioVersion = 10.0.40219.1
Project("{FAE04EC0-301F-11D3-BF4B-00C04F79EFBC}") = "Lab4", "Lab4\Lab4.csproj", "{FDEA3C5D-5B5D-4644-BA79-7D1A5E280BFD}"
EndProject
Project("{FAE04EC0-301F-11D3-BF4B-00C04F79EFBC}") = "UnitTests", "UnitTests\UnitTests.csproj", "{BC35538C-76BC-4BA2-A022-A911F38D21DC}"
EndProject
Global
	GlobalSection(SolutionConfigurationPlatforms) = preSolution
		Debug|Any CPU = Debug|Any CPU
		Release|Any CPU = Release|Any CPU
	EndGlobalSection
	GlobalSection(ProjectConfigurationPlatforms) = postSolution
		{FDEA3C5D-5B5D-4644-BA79-7D1A5E280BFD}.Debug|Any CPU.ActiveCfg = Debug|Any CPU
		{FDEA3C5D-5B5D-4644-BA79-7D1A5E280BFD}.Debug|Any CPU.Build.0 = Debug|Any CPU
		{FDEA3C5D-5B5D-4644-BA79-7D1A5E280BFD}.Release|Any CPU.ActiveCfg = Release|Any CPU
		{FDEA3C5D-5B5D-4644-BA79-7D1A5E280BFD}.Release|Any CPU.Build.0 = Release|Any CPU
		{BC35538C-76BC-4BA2-A022-A911F38D21DC}.Debug|Any CPU.ActiveCfg = Debug|Any CPU
		{BC35538C-76BC-4BA2-A022-A911F38D21DC}.Debug|Any CPU.Build.0 = Debug|Any CPU
		{BC35538C-76BC-4BA2-A022-A911F38D21DC}.Release|Any CPU.ActiveCfg = Release|Any CPU
		{BC35538C-76BC-4BA2-A022-A911F38D21DC}.Release|Any CPU.Build.0 = Release|Any CPU
	EndGlobalSection
	GlobalSection(SolutionProperties) = preSolution
		HideSolutionNode = FALSE
	EndGlobalSection
	GlobalSection(ExtensibilityGlobals) = postSolution
		SolutionGuid = {B64D2C23-E3AA-4BB6-BF4D-AE428AEDDA5C}
	EndGlobalSection
EndGlobal
